[root]
name = "task_async"
version = "0.1.0"
dependencies = [
 "channels_async 0.1.0 (git+https://github.com/szagi3891/channels_async-rs)",
]

[[package]]
name = "channels_async"
version = "0.1.0"
source = "git+https://github.com/szagi3891/channels_async-rs#4d27354116070b10648e35d1c7a1b9ec9364ee22"

